
Microsoft Visual Studio Solution File, Format Version 12.00
# Visual Studio Version 17
VisualStudioVersion = 17.0.31912.275
MinimumVisualStudioVersion = 10.0.40219.1
Project("{9A19103F-16F7-4668-BE54-9A1E7A4F7556}") = "VTrack.Track", "VTrack.Track\VTrack.Track.csproj", "{43AFB570-9602-474D-8588-D8595817A5D0}"
EndProject
Project("{9A19103F-16F7-4668-BE54-9A1E7A4F7556}") = "VTrack.Factory", "VTrack.Factory\VTrack.Factory.csproj", "{7ABEA95D-54EA-4E71-BC05-F915CBA5AC16}"
EndProject
Project("{FAE04EC0-301F-11D3-BF4B-00C04F79EFBC}") = "ForceDAP.Gateway", "ForceDAP.Gateway\ForceDAP.Gateway.csproj", "{DBD25E3A-CB7E-442D-8CC0-B580D14CFCA0}"
EndProject
Global
	GlobalSection(SolutionConfigurationPlatforms) = preSolution
		Debug|Any CPU = Debug|Any CPU
		Release|Any CPU = Release|Any CPU
	EndGlobalSection
	GlobalSection(ProjectConfigurationPlatforms) = postSolution
		{43AFB570-9602-474D-8588-D8595817A5D0}.Debug|Any CPU.ActiveCfg = Debug|Any CPU
		{43AFB570-9602-474D-8588-D8595817A5D0}.Debug|Any CPU.Build.0 = Debug|Any CPU
		{43AFB570-9602-474D-8588-D8595817A5D0}.Release|Any CPU.ActiveCfg = Release|Any CPU
		{43AFB570-9602-474D-8588-D8595817A5D0}.Release|Any CPU.Build.0 = Release|Any CPU
		{7ABEA95D-54EA-4E71-BC05-F915CBA5AC16}.Debug|Any CPU.ActiveCfg = Debug|Any CPU
		{7ABEA95D-54EA-4E71-BC05-F915CBA5AC16}.Debug|Any CPU.Build.0 = Debug|Any CPU
		{7ABEA95D-54EA-4E71-BC05-F915CBA5AC16}.Release|Any CPU.ActiveCfg = Release|Any CPU
		{7ABEA95D-54EA-4E71-BC05-F915CBA5AC16}.Release|Any CPU.Build.0 = Release|Any CPU
		{DBD25E3A-CB7E-442D-8CC0-B580D14CFCA0}.Debug|Any CPU.ActiveCfg = Debug|Any CPU
		{DBD25E3A-CB7E-442D-8CC0-B580D14CFCA0}.Debug|Any CPU.Build.0 = Debug|Any CPU
		{DBD25E3A-CB7E-442D-8CC0-B580D14CFCA0}.Release|Any CPU.ActiveCfg = Release|Any CPU
		{DBD25E3A-CB7E-442D-8CC0-B580D14CFCA0}.Release|Any CPU.Build.0 = Release|Any CPU
	EndGlobalSection
	GlobalSection(SolutionProperties) = preSolution
		HideSolutionNode = FALSE
	EndGlobalSection
	GlobalSection(ExtensibilityGlobals) = postSolution
		SolutionGuid = {ADA95EDB-640D-4BB4-93AB-4CA9CCDECC41}
	EndGlobalSection
EndGlobal
